
Microsoft Visual Studio Solution File, Format Version 12.00
# Visual Studio 14
VisualStudioVersion = 14.0.24720.0
MinimumVisualStudioVersion = 10.0.40219.1
Project("{FAE04EC0-301F-11D3-BF4B-00C04F79EFBC}") = "Monument.Server", "Monument.Server\Monument.Server.csproj", "{B1EAD801-14A5-4AFB-8310-E61E6260DAFC}"
EndProject
Project("{FAE04EC0-301F-11D3-BF4B-00C04F79EFBC}") = "Monument.Service", "Monument.Service\Monument.Service.csproj", "{D981A298-928D-4F90-A882-6900D69FB161}"
EndProject
Global
	GlobalSection(SolutionConfigurationPlatforms) = preSolution
		Debug|Any CPU = Debug|Any CPU
		Release|Any CPU = Release|Any CPU
	EndGlobalSection
	GlobalSection(ProjectConfigurationPlatforms) = postSolution
		{B1EAD801-14A5-4AFB-8310-E61E6260DAFC}.Debug|Any CPU.ActiveCfg = Debug|Any CPU
		{B1EAD801-14A5-4AFB-8310-E61E6260DAFC}.Debug|Any CPU.Build.0 = Debug|Any CPU
		{B1EAD801-14A5-4AFB-8310-E61E6260DAFC}.Release|Any CPU.ActiveCfg = Release|Any CPU
		{B1EAD801-14A5-4AFB-8310-E61E6260DAFC}.Release|Any CPU.Build.0 = Release|Any CPU
		{D981A298-928D-4F90-A882-6900D69FB161}.Debug|Any CPU.ActiveCfg = Debug|Any CPU
		{D981A298-928D-4F90-A882-6900D69FB161}.Debug|Any CPU.Build.0 = Debug|Any CPU
		{D981A298-928D-4F90-A882-6900D69FB161}.Release|Any CPU.ActiveCfg = Release|Any CPU
		{D981A298-928D-4F90-A882-6900D69FB161}.Release|Any CPU.Build.0 = Release|Any CPU
	EndGlobalSection
	GlobalSection(SolutionProperties) = preSolution
		HideSolutionNode = FALSE
	EndGlobalSection
EndGlobal
